PODS:
  - SkeletonUI (1.0.11)
  - SnapKit (5.6.0)
  - SwiftLint (0.47.1)
  - YandexMapsMobile (4.2.2-full)

DEPENDENCIES:
  - SkeletonUI (~> 1.0.11)
  - SnapKit (~> 5.6.0)
  - SwiftLint (~> 0.47.1)
  - YandexMapsMobile (= 4.2.2-full)

SPEC REPOS:
  trunk:
    - SkeletonUI
    - SnapKit
    - SwiftLint
    - YandexMapsMobile

SPEC CHECKSUMS:
  SkeletonUI: a5514a3877d39f28229c852a567660d0f7542330
  SnapKit: e01d52ebb8ddbc333eefe2132acf85c8227d9c25
  SwiftLint: f80f1be7fa96d30e0aa68e58d45d4ea1ccaac519
  YandexMapsMobile: 1fd5f86bc368ad6ba528b199f9477e4a26796567

PODFILE CHECKSUM: 71f1c9f127035e7379ce405bdaf787fa522ad57f

COCOAPODS: 1.11.3
